
Microsoft Visual Studio Solution File, Format Version 12.00
# Visual Studio for Mac
Project("{FAE04EC0-301F-11D3-BF4B-00C04F79EFBC}") = "Assembly-CSharp", "Assembly-CSharp.csproj", "{FB261D11-9189-A815-A8DB-D55E0536BB88}"
EndProject
Project("{FAE04EC0-301F-11D3-BF4B-00C04F79EFBC}") = "Assembly-CSharp-Editor", "Assembly-CSharp-Editor.csproj", "{0C25945E-1A93-B166-4E81-A5F9B73E7E0C}"
EndProject
Global
	GlobalSection(SolutionConfigurationPlatforms) = preSolution
		Debug|Any CPU = Debug|Any CPU
		Release|Any CPU = Release|Any CPU
	EndGlobalSection
	GlobalSection(ProjectConfigurationPlatforms) = postSolution
		{FB261D11-9189-A815-A8DB-D55E0536BB88}.Debug|Any CPU.ActiveCfg = Debug|Any CPU
		{FB261D11-9189-A815-A8DB-D55E0536BB88}.Debug|Any CPU.Build.0 = Debug|Any CPU
		{FB261D11-9189-A815-A8DB-D55E0536BB88}.Release|Any CPU.ActiveCfg = Release|Any CPU
		{FB261D11-9189-A815-A8DB-D55E0536BB88}.Release|Any CPU.Build.0 = Release|Any CPU
		{0C25945E-1A93-B166-4E81-A5F9B73E7E0C}.Debug|Any CPU.ActiveCfg = Debug|Any CPU
		{0C25945E-1A93-B166-4E81-A5F9B73E7E0C}.Debug|Any CPU.Build.0 = Debug|Any CPU
		{0C25945E-1A93-B166-4E81-A5F9B73E7E0C}.Release|Any CPU.ActiveCfg = Release|Any CPU
		{0C25945E-1A93-B166-4E81-A5F9B73E7E0C}.Release|Any CPU.Build.0 = Release|Any CPU
	EndGlobalSection
	GlobalSection(SolutionProperties) = preSolution
		HideSolutionNode = FALSE
	EndGlobalSection
EndGlobal
